
Microsoft Visual Studio Solution File, Format Version 12.00
# Visual Studio Version 16
VisualStudioVersion = 16.0.31129.286
MinimumVisualStudioVersion = 10.0.40219.1
Project("{2150E333-8FDC-42A3-9474-1A3956D46DE8}") = "1.GUI", "1.GUI", "{E89E1516-6872-495E-8D97-D4AB62A8FCFF}"
EndProject
Project("{2150E333-8FDC-42A3-9474-1A3956D46DE8}") = "2.BLL", "2.BLL", "{54A99ABD-2D7E-423F-9297-100BA09DB531}"
EndProject
Project("{2150E333-8FDC-42A3-9474-1A3956D46DE8}") = "3.DAL", "3.DAL", "{486D655D-5C8B-47D0-B2D3-B795BDA40EED}"
EndProject
Project("{9A19103F-16F7-4668-BE54-9A1E7A4F7556}") = "ShopOnline", "ShopOnline\ShopOnline.csproj", "{FDA5E3F6-26DB-4F00-8DD0-8B3CB11835A4}"
EndProject
Project("{2150E333-8FDC-42A3-9474-1A3956D46DE8}") = "4.Cross", "4.Cross", "{1D52E95C-2352-4E5F-8E48-9BAB1A0758B8}"
EndProject
Project("{9A19103F-16F7-4668-BE54-9A1E7A4F7556}") = "ShopOnline.Business", "ShopOnline.Business\ShopOnline.Business.csproj", "{90AB5835-72A8-40FD-9A2B-0D8CE474404B}"
EndProject
Project("{9A19103F-16F7-4668-BE54-9A1E7A4F7556}") = "ShopOnline.Business.Logic", "ShopOnline.Business.Logic\ShopOnline.Business.Logic.csproj", "{CA626C6B-CBA3-48D5-B3C7-ADC0E1D46DBC}"
EndProject
Project("{9A19103F-16F7-4668-BE54-9A1E7A4F7556}") = "ShopOnline.Data", "ShopOnline.Data\ShopOnline.Data.csproj", "{DE482C44-694E-4378-9421-7C0D868753D2}"
EndProject
Project("{9A19103F-16F7-4668-BE54-9A1E7A4F7556}") = "ShopOnline.Core", "ShopOnline.Core\ShopOnline.Core.csproj", "{A9210008-4ECA-491E-B28C-DDC93DE84CC4}"
EndProject
Global
	GlobalSection(SolutionConfigurationPlatforms) = preSolution
		Debug|Any CPU = Debug|Any CPU
		Release|Any CPU = Release|Any CPU
	EndGlobalSection
	GlobalSection(ProjectConfigurationPlatforms) = postSolution
		{FDA5E3F6-26DB-4F00-8DD0-8B3CB11835A4}.Debug|Any CPU.ActiveCfg = Debug|Any CPU
		{FDA5E3F6-26DB-4F00-8DD0-8B3CB11835A4}.Debug|Any CPU.Build.0 = Debug|Any CPU
		{FDA5E3F6-26DB-4F00-8DD0-8B3CB11835A4}.Release|Any CPU.ActiveCfg = Release|Any CPU
		{FDA5E3F6-26DB-4F00-8DD0-8B3CB11835A4}.Release|Any CPU.Build.0 = Release|Any CPU
		{90AB5835-72A8-40FD-9A2B-0D8CE474404B}.Debug|Any CPU.ActiveCfg = Debug|Any CPU
		{90AB5835-72A8-40FD-9A2B-0D8CE474404B}.Debug|Any CPU.Build.0 = Debug|Any CPU
		{90AB5835-72A8-40FD-9A2B-0D8CE474404B}.Release|Any CPU.ActiveCfg = Release|Any CPU
		{90AB5835-72A8-40FD-9A2B-0D8CE474404B}.Release|Any CPU.Build.0 = Release|Any CPU
		{CA626C6B-CBA3-48D5-B3C7-ADC0E1D46DBC}.Debug|Any CPU.ActiveCfg = Debug|Any CPU
		{CA626C6B-CBA3-48D5-B3C7-ADC0E1D46DBC}.Debug|Any CPU.Build.0 = Debug|Any CPU
		{CA626C6B-CBA3-48D5-B3C7-ADC0E1D46DBC}.Release|Any CPU.ActiveCfg = Release|Any CPU
		{CA626C6B-CBA3-48D5-B3C7-ADC0E1D46DBC}.Release|Any CPU.Build.0 = Release|Any CPU
		{DE482C44-694E-4378-9421-7C0D868753D2}.Debug|Any CPU.ActiveCfg = Debug|Any CPU
		{DE482C44-694E-4378-9421-7C0D868753D2}.Debug|Any CPU.Build.0 = Debug|Any CPU
		{DE482C44-694E-4378-9421-7C0D868753D2}.Release|Any CPU.ActiveCfg = Release|Any CPU
		{DE482C44-694E-4378-9421-7C0D868753D2}.Release|Any CPU.Build.0 = Release|Any CPU
		{A9210008-4ECA-491E-B28C-DDC93DE84CC4}.Debug|Any CPU.ActiveCfg = Debug|Any CPU
		{A9210008-4ECA-491E-B28C-DDC93DE84CC4}.Debug|Any CPU.Build.0 = Debug|Any CPU
		{A9210008-4ECA-491E-B28C-DDC93DE84CC4}.Release|Any CPU.ActiveCfg = Release|Any CPU
		{A9210008-4ECA-491E-B28C-DDC93DE84CC4}.Release|Any CPU.Build.0 = Release|Any CPU
	EndGlobalSection
	GlobalSection(SolutionProperties) = preSolution
		HideSolutionNode = FALSE
	EndGlobalSection
	GlobalSection(NestedProjects) = preSolution
		{FDA5E3F6-26DB-4F00-8DD0-8B3CB11835A4} = {E89E1516-6872-495E-8D97-D4AB62A8FCFF}
		{90AB5835-72A8-40FD-9A2B-0D8CE474404B} = {54A99ABD-2D7E-423F-9297-100BA09DB531}
		{CA626C6B-CBA3-48D5-B3C7-ADC0E1D46DBC} = {54A99ABD-2D7E-423F-9297-100BA09DB531}
		{DE482C44-694E-4378-9421-7C0D868753D2} = {486D655D-5C8B-47D0-B2D3-B795BDA40EED}
		{A9210008-4ECA-491E-B28C-DDC93DE84CC4} = {1D52E95C-2352-4E5F-8E48-9BAB1A0758B8}
	EndGlobalSection
	GlobalSection(ExtensibilityGlobals) = postSolution
		SolutionGuid = {A124C268-3BFA-4A44-A677-2BF4C3DF43C5}
	EndGlobalSection
EndGlobal
